# This file is generated by running "yarn install" inside your project.
# Manual changes might be lost - proceed with caution!

__metadata:
  version: 4
  cacheKey: 5

"berry-dependabot-test@workspace:.":
  version: 0.0.0-use.local
  resolution: "berry-dependabot-test@workspace:."
  dependencies:
    debug: ^4.1.0
  languageName: unknown
  linkType: soft

"debug@npm:^4.1.0":
  version: 4.1.0
  resolution: "debug@npm:4.1.0"
  dependencies:
    ms: ^2.1.1
  checksum: 8e58f1b5c9fd0a581f4445a41f41192409d94f310b45004c1d21160c784edf381e4ec24b3215b88181444654586c284d955f92294fc69bf03d81be39a96db7b6
  languageName: node
  linkType: hard

"ms@npm:^2.1.1":
  version: 2.1.2
  resolution: "ms@npm:2.1.2"
  checksum: 9b65fb709bc30c0c07289dcbdb61ca032acbb9ea5698b55fa62e2cebb04c5953f1876a1f3f7f4bc2e91d4bf4d86003f3e207c3bc6ee2f716f99827e62389cd0e
  languageName: node
  linkType: hard
